
Microsoft Visual Studio Solution File, Format Version 12.00
# Visual Studio 2017
Project("{FAE04EC0-301F-11D3-BF4B-00C04F79EFBC}") = "TS03.Plugins", "TS03.Plugins.csproj", "{D43D8590-D03F-8BAE-A8CF-03C4A5CAAAD6}"
EndProject
Project("{FAE04EC0-301F-11D3-BF4B-00C04F79EFBC}") = "TS03", "TS03.csproj", "{8C8EF717-8992-1765-A007-A26E2172EA9E}"
EndProject
Project("{FAE04EC0-301F-11D3-BF4B-00C04F79EFBC}") = "TS03.Editor.Plugins", "TS03.Editor.Plugins.csproj", "{AF2CC4D6-FEE9-E94D-BB7E-BEF2FF9BDE5C}"
EndProject
Project("{FAE04EC0-301F-11D3-BF4B-00C04F79EFBC}") = "Unity.PackageManagerUI.Editor", "Unity.PackageManagerUI.Editor.csproj", "{6877705C-FBD9-0C4F-5AFB-6FB431E5D39D}"
EndProject
Global
	GlobalSection(SolutionConfigurationPlatforms) = preSolution
		Debug|Any CPU = Debug|Any CPU
		Release|Any CPU = Release|Any CPU
	EndGlobalSection
	GlobalSection(ProjectConfigurationPlatforms) = postSolution
		{D43D8590-D03F-8BAE-A8CF-03C4A5CAAAD6}.Debug|Any CPU.ActiveCfg = Debug|Any CPU
		{D43D8590-D03F-8BAE-A8CF-03C4A5CAAAD6}.Debug|Any CPU.Build.0 = Debug|Any CPU
		{D43D8590-D03F-8BAE-A8CF-03C4A5CAAAD6}.Release|Any CPU.ActiveCfg = Release|Any CPU
		{D43D8590-D03F-8BAE-A8CF-03C4A5CAAAD6}.Release|Any CPU.Build.0 = Release|Any CPU
		{8C8EF717-8992-1765-A007-A26E2172EA9E}.Debug|Any CPU.ActiveCfg = Debug|Any CPU
		{8C8EF717-8992-1765-A007-A26E2172EA9E}.Debug|Any CPU.Build.0 = Debug|Any CPU
		{8C8EF717-8992-1765-A007-A26E2172EA9E}.Release|Any CPU.ActiveCfg = Release|Any CPU
		{8C8EF717-8992-1765-A007-A26E2172EA9E}.Release|Any CPU.Build.0 = Release|Any CPU
		{AF2CC4D6-FEE9-E94D-BB7E-BEF2FF9BDE5C}.Debug|Any CPU.ActiveCfg = Debug|Any CPU
		{AF2CC4D6-FEE9-E94D-BB7E-BEF2FF9BDE5C}.Debug|Any CPU.Build.0 = Debug|Any CPU
		{AF2CC4D6-FEE9-E94D-BB7E-BEF2FF9BDE5C}.Release|Any CPU.ActiveCfg = Release|Any CPU
		{AF2CC4D6-FEE9-E94D-BB7E-BEF2FF9BDE5C}.Release|Any CPU.Build.0 = Release|Any CPU
		{6877705C-FBD9-0C4F-5AFB-6FB431E5D39D}.Debug|Any CPU.ActiveCfg = Debug|Any CPU
		{6877705C-FBD9-0C4F-5AFB-6FB431E5D39D}.Debug|Any CPU.Build.0 = Debug|Any CPU
		{6877705C-FBD9-0C4F-5AFB-6FB431E5D39D}.Release|Any CPU.ActiveCfg = Release|Any CPU
		{6877705C-FBD9-0C4F-5AFB-6FB431E5D39D}.Release|Any CPU.Build.0 = Release|Any CPU
	EndGlobalSection
	GlobalSection(SolutionProperties) = preSolution
		HideSolutionNode = FALSE
	EndGlobalSection
EndGlobal
